schema_version: kenigevents.requirements-lock.v1
status: ACTIVE
mode: FAIL_CLOSED

requirements_contract:
  id: kenigevents.asp-conformance
  version: 1.1.0
  repository: onedayonemasterpiece/lovekgd-design-system
  path: docs/product-governance/astro-sot-penpot-conformance.md
  commit: f134001382f547cebe8b025da24065128b174ffb
  git_blob_sha1: 24e02d3048f2feba912cb990f8226b23006e8c2c
  sha256: 54002c01430d48d836af491a09f493526c309e0779c2c6f0deedbf434975cf72

asset_registry:
  id: kenigevents.ui-assets.v1
  version: 1.0.0
  repository: onedayonemasterpiece/lovekgd-design-system
  path: contracts/assets/ui-asset-registry.v1.yaml
  commit: a0d66b832e97689536329fad4f0684cfe1001ca1
  git_blob_sha1: cef9ec2ae159027267e8ec1e8e6a20686f995ff9
  sha256: 03e0209794b58c59dcb04edba8593d25866a9d701df1b8671861c0cc79ebb7bc

routing:
  global_requirements_must_not_be_copied: true
  lower_layers_may_not_silently_override: true
  conflict_protocol: БЫЛО → БУДЕТ → ЗАЧЕМ → ПОСЛЕДСТВИЯ → ТИП → СОГЛАСОВАНО
  unresolved_assets_or_geometry: BLOCKED
  fallback_materialization_allowed: false
