schema_version: kenigevents.requirements-lock.v1
status: ACTIVE
mode: FAIL_CLOSED

requirements_contract:
  id: kenigevents.asp-conformance
  version: 1.0.0
  repository: onedayonemasterpiece/lovekgd-design-system
  path: docs/product-governance/astro-sot-penpot-conformance.md
  commit: 7607143afc240b9f96abd51270ab82735aabf9bc
  git_blob_sha1: 1facf0b2ae80b114d9c8b028b5c22769982e3fb7
  sha256: 75c70629f01f8d60fb98290fa2e6e8abc201fc84885339c16010bcd75ddd4289

routing:
  global_requirements_must_not_be_copied: true
  lower_layers_may_not_silently_override: true
  conflict_protocol: БЫЛО → БУДЕТ → ЗАЧЕМ → ПОСЛЕДСТВИЯ → ТИП → СОГЛАСОВАНО
