schema_version: kenigevents.requirements-lock.v1
status: ACTIVE
mode: FAIL_CLOSED

requirements_contract:
  id: kenigevents.asp-conformance
  version: 1.2.0
  repository: onedayonemasterpiece/lovekgd-design-system
  path: docs/product-governance/astro-sot-penpot-conformance.md
  commit: a3e4f0c34a93ddf366ad8d7ec1c067a4b938c794
  git_blob_sha1: 1f16a114cb9bb2a1b3796d1a8b98c65978ac8e7f
  sha256: d384b63e63bccffc67dff4b48149c5d901364360782f76ae8b0ee2ab33cf29fd

asset_registry:
  id: kenigevents.ui-assets.v1
  version: 1.0.0
  repository: onedayonemasterpiece/lovekgd-design-system
  path: contracts/assets/ui-asset-registry.v1.yaml
  commit: a0d66b832e97689536329fad4f0684cfe1001ca1
  git_blob_sha1: cef9ec2ae159027267e8ec1e8e6a20686f995ff9
  sha256: 03e0209794b58c59dcb04edba8593d25866a9d701df1b8671861c0cc79ebb7bc

routing:
  global_requirements_must_not_be_copied: true
  lower_layers_may_not_silently_override: true
  conflict_protocol: БЫЛО → БУДЕТ → ЗАЧЕМ → ПОСЛЕДСТВИЯ → ТИП → СОГЛАСОВАНО
  unresolved_assets_or_geometry: BLOCKED
  fallback_materialization_allowed: false
